
Microsoft Visual Studio Solution File, Format Version 12.00
# Visual Studio Version 17
VisualStudioVersion = 17.14.36109.1 d17.14
MinimumVisualStudioVersion = 10.0.40219.1
Project("{FAE04EC0-301F-11D3-BF4B-00C04F79EFBC}") = "OOPExam", "OOPExam.csproj", "{FE8AA18B-1B17-49AD-B2AE-0AB7572378F8}"
EndProject
Global
	GlobalSection(SolutionConfigurationPlatforms) = preSolution
		Debug|Any CPU = Debug|Any CPU
		Release|Any CPU = Release|Any CPU
	EndGlobalSection
	GlobalSection(ProjectConfigurationPlatforms) = postSolution
		{FE8AA18B-1B17-49AD-B2AE-0AB7572378F8}.Debug|Any CPU.ActiveCfg = Debug|Any CPU
		{FE8AA18B-1B17-49AD-B2AE-0AB7572378F8}.Debug|Any CPU.Build.0 = Debug|Any CPU
		{FE8AA18B-1B17-49AD-B2AE-0AB7572378F8}.Release|Any CPU.ActiveCfg = Release|Any CPU
		{FE8AA18B-1B17-49AD-B2AE-0AB7572378F8}.Release|Any CPU.Build.0 = Release|Any CPU
	EndGlobalSection
	GlobalSection(SolutionProperties) = preSolution
		HideSolutionNode = FALSE
	EndGlobalSection
	GlobalSection(ExtensibilityGlobals) = postSolution
		SolutionGuid = {F9C4E375-0A6E-4188-B05A-E26EBEF1EB08}
	EndGlobalSection
EndGlobal
